
Microsoft Visual Studio Solution File, Format Version 12.00
# Visual Studio Version 17
VisualStudioVersion = 17.1.32421.90
MinimumVisualStudioVersion = 10.0.40219.1
Project("{9A19103F-16F7-4668-BE54-9A1E7A4F7556}") = "ShopOnline.Web", "ShopOnline.Web\ShopOnline.Web.csproj", "{5826E958-DBF1-4F9F-A1BC-49A11C8E4FA9}"
EndProject
Project("{9A19103F-16F7-4668-BE54-9A1E7A4F7556}") = "ShopOnline.Api", "ShopOnline.Api\ShopOnline.Api.csproj", "{F6E8503E-ADA2-43EC-AEB7-1BB51B4A7811}"
EndProject
Project("{FAE04EC0-301F-11D3-BF4B-00C04F79EFBC}") = "ShopOnline.Models", "ShopOnline.Models\ShopOnline.Models.csproj", "{9A145334-6401-450F-BF84-D30A5EAF6A70}"
EndProject
Global
	GlobalSection(SolutionConfigurationPlatforms) = preSolution
		Debug|Any CPU = Debug|Any CPU
		Release|Any CPU = Release|Any CPU
	EndGlobalSection
	GlobalSection(ProjectConfigurationPlatforms) = postSolution
		{5826E958-DBF1-4F9F-A1BC-49A11C8E4FA9}.Debug|Any CPU.ActiveCfg = Debug|Any CPU
		{5826E958-DBF1-4F9F-A1BC-49A11C8E4FA9}.Debug|Any CPU.Build.0 = Debug|Any CPU
		{5826E958-DBF1-4F9F-A1BC-49A11C8E4FA9}.Release|Any CPU.ActiveCfg = Release|Any CPU
		{5826E958-DBF1-4F9F-A1BC-49A11C8E4FA9}.Release|Any CPU.Build.0 = Release|Any CPU
		{F6E8503E-ADA2-43EC-AEB7-1BB51B4A7811}.Debug|Any CPU.ActiveCfg = Debug|Any CPU
		{F6E8503E-ADA2-43EC-AEB7-1BB51B4A7811}.Debug|Any CPU.Build.0 = Debug|Any CPU
		{F6E8503E-ADA2-43EC-AEB7-1BB51B4A7811}.Release|Any CPU.ActiveCfg = Release|Any CPU
		{F6E8503E-ADA2-43EC-AEB7-1BB51B4A7811}.Release|Any CPU.Build.0 = Release|Any CPU
		{9A145334-6401-450F-BF84-D30A5EAF6A70}.Debug|Any CPU.ActiveCfg = Debug|Any CPU
		{9A145334-6401-450F-BF84-D30A5EAF6A70}.Debug|Any CPU.Build.0 = Debug|Any CPU
		{9A145334-6401-450F-BF84-D30A5EAF6A70}.Release|Any CPU.ActiveCfg = Release|Any CPU
		{9A145334-6401-450F-BF84-D30A5EAF6A70}.Release|Any CPU.Build.0 = Release|Any CPU
	EndGlobalSection
	GlobalSection(SolutionProperties) = preSolution
		HideSolutionNode = FALSE
	EndGlobalSection
	GlobalSection(ExtensibilityGlobals) = postSolution
		SolutionGuid = {9F42AE7D-3098-4A04-B34F-A144D5B56C33}
	EndGlobalSection
EndGlobal
